
Microsoft Visual Studio Solution File, Format Version 12.00
# Visual Studio Version 17
VisualStudioVersion = 17.0.31919.166
MinimumVisualStudioVersion = 10.0.40219.1
Project("{FAE04EC0-301F-11D3-BF4B-00C04F79EFBC}") = "boat", "boat\boat.csproj", "{9BC1D2C1-C36C-4302-8F98-11F45A717430}"
EndProject
Project("{FAE04EC0-301F-11D3-BF4B-00C04F79EFBC}") = "UnitTestProject1", "UnitTestProject1\UnitTestProject1.csproj", "{4321B43A-D6D8-467A-9D43-E2C41B1376DD}"
EndProject
Global
	GlobalSection(SolutionConfigurationPlatforms) = preSolution
		Debug|Any CPU = Debug|Any CPU
		Release|Any CPU = Release|Any CPU
	EndGlobalSection
	GlobalSection(ProjectConfigurationPlatforms) = postSolution
		{9BC1D2C1-C36C-4302-8F98-11F45A717430}.Debug|Any CPU.ActiveCfg = Debug|Any CPU
		{9BC1D2C1-C36C-4302-8F98-11F45A717430}.Debug|Any CPU.Build.0 = Debug|Any CPU
		{9BC1D2C1-C36C-4302-8F98-11F45A717430}.Release|Any CPU.ActiveCfg = Release|Any CPU
		{9BC1D2C1-C36C-4302-8F98-11F45A717430}.Release|Any CPU.Build.0 = Release|Any CPU
		{4321B43A-D6D8-467A-9D43-E2C41B1376DD}.Debug|Any CPU.ActiveCfg = Debug|Any CPU
		{4321B43A-D6D8-467A-9D43-E2C41B1376DD}.Debug|Any CPU.Build.0 = Debug|Any CPU
		{4321B43A-D6D8-467A-9D43-E2C41B1376DD}.Release|Any CPU.ActiveCfg = Release|Any CPU
		{4321B43A-D6D8-467A-9D43-E2C41B1376DD}.Release|Any CPU.Build.0 = Release|Any CPU
	EndGlobalSection
	GlobalSection(SolutionProperties) = preSolution
		HideSolutionNode = FALSE
	EndGlobalSection
	GlobalSection(ExtensibilityGlobals) = postSolution
		SolutionGuid = {BBE3CB05-6B64-419C-95D1-7859B33366C6}
	EndGlobalSection
EndGlobal
